
Microsoft Visual Studio Solution File, Format Version 12.00
# Visual Studio Version 17
VisualStudioVersion = 17.8.34330.188
MinimumVisualStudioVersion = 10.0.40219.1
Project("{9A19103F-16F7-4668-BE54-9A1E7A4F7556}") = "GreenHouse.DomainEntitty", "GreenHouse.DomainEntitty\GreenHouse.DomainEntitty.csproj", "{8D3CDE07-E122-4691-9767-5F606D1A09BE}"
EndProject
Project("{9A19103F-16F7-4668-BE54-9A1E7A4F7556}") = "GreenHouse.Services", "GreenHouse.Services\GreenHouse.Services.csproj", "{A06D0C8F-5883-4A69-B667-4EF5C5FF122C}"
EndProject
Project("{9A19103F-16F7-4668-BE54-9A1E7A4F7556}") = "GreenHouse.Model", "GreenHouse.Model\GreenHouse.Model.csproj", "{E87F285A-E07D-4D5C-878E-E469767EF217}"
EndProject
Project("{9A19103F-16F7-4668-BE54-9A1E7A4F7556}") = "GreenHouse.DataAccess", "GreenHouse.DataAccess\GreenHouse.DataAccess.csproj", "{0E8248B5-5D60-44C5-835D-D0662C12A702}"
EndProject
Project("{9A19103F-16F7-4668-BE54-9A1E7A4F7556}") = "GreenHouse.Web", "GreenHouse.Web\GreenHouse.Web.csproj", "{C1FADCD4-F200-4041-8B7B-A0D564AF6F0F}"
EndProject
Global
	GlobalSection(SolutionConfigurationPlatforms) = preSolution
		Debug|Any CPU = Debug|Any CPU
		Release|Any CPU = Release|Any CPU
	EndGlobalSection
	GlobalSection(ProjectConfigurationPlatforms) = postSolution
		{8D3CDE07-E122-4691-9767-5F606D1A09BE}.Debug|Any CPU.ActiveCfg = Debug|Any CPU
		{8D3CDE07-E122-4691-9767-5F606D1A09BE}.Debug|Any CPU.Build.0 = Debug|Any CPU
		{8D3CDE07-E122-4691-9767-5F606D1A09BE}.Release|Any CPU.ActiveCfg = Release|Any CPU
		{8D3CDE07-E122-4691-9767-5F606D1A09BE}.Release|Any CPU.Build.0 = Release|Any CPU
		{A06D0C8F-5883-4A69-B667-4EF5C5FF122C}.Debug|Any CPU.ActiveCfg = Debug|Any CPU
		{A06D0C8F-5883-4A69-B667-4EF5C5FF122C}.Debug|Any CPU.Build.0 = Debug|Any CPU
		{A06D0C8F-5883-4A69-B667-4EF5C5FF122C}.Release|Any CPU.ActiveCfg = Release|Any CPU
		{A06D0C8F-5883-4A69-B667-4EF5C5FF122C}.Release|Any CPU.Build.0 = Release|Any CPU
		{E87F285A-E07D-4D5C-878E-E469767EF217}.Debug|Any CPU.ActiveCfg = Debug|Any CPU
		{E87F285A-E07D-4D5C-878E-E469767EF217}.Debug|Any CPU.Build.0 = Debug|Any CPU
		{E87F285A-E07D-4D5C-878E-E469767EF217}.Release|Any CPU.ActiveCfg = Release|Any CPU
		{E87F285A-E07D-4D5C-878E-E469767EF217}.Release|Any CPU.Build.0 = Release|Any CPU
		{0E8248B5-5D60-44C5-835D-D0662C12A702}.Debug|Any CPU.ActiveCfg = Debug|Any CPU
		{0E8248B5-5D60-44C5-835D-D0662C12A702}.Debug|Any CPU.Build.0 = Debug|Any CPU
		{0E8248B5-5D60-44C5-835D-D0662C12A702}.Release|Any CPU.ActiveCfg = Release|Any CPU
		{0E8248B5-5D60-44C5-835D-D0662C12A702}.Release|Any CPU.Build.0 = Release|Any CPU
		{C1FADCD4-F200-4041-8B7B-A0D564AF6F0F}.Debug|Any CPU.ActiveCfg = Debug|Any CPU
		{C1FADCD4-F200-4041-8B7B-A0D564AF6F0F}.Debug|Any CPU.Build.0 = Debug|Any CPU
		{C1FADCD4-F200-4041-8B7B-A0D564AF6F0F}.Release|Any CPU.ActiveCfg = Release|Any CPU
		{C1FADCD4-F200-4041-8B7B-A0D564AF6F0F}.Release|Any CPU.Build.0 = Release|Any CPU
	EndGlobalSection
	GlobalSection(SolutionProperties) = preSolution
		HideSolutionNode = FALSE
	EndGlobalSection
	GlobalSection(ExtensibilityGlobals) = postSolution
		SolutionGuid = {48A62084-6793-47CA-A334-EBC54DCD9292}
	EndGlobalSection
EndGlobal
