
Microsoft Visual Studio Solution File, Format Version 12.00
# Visual Studio Version 17
VisualStudioVersion = 17.8.34330.188
MinimumVisualStudioVersion = 10.0.40219.1
Project("{FAE04EC0-301F-11D3-BF4B-00C04F79EFBC}") = "GreenHouse.DomainEntitty", "GreenHouseManagement.DomainEntitty\GreenHouse.DomainEntitty.csproj", "{8D3CDE07-E122-4691-9767-5F606D1A09BE}"
EndProject
Global
	GlobalSection(SolutionConfigurationPlatforms) = preSolution
		Debug|Any CPU = Debug|Any CPU
		Release|Any CPU = Release|Any CPU
	EndGlobalSection
	GlobalSection(ProjectConfigurationPlatforms) = postSolution
		{8D3CDE07-E122-4691-9767-5F606D1A09BE}.Debug|Any CPU.ActiveCfg = Debug|Any CPU
		{8D3CDE07-E122-4691-9767-5F606D1A09BE}.Debug|Any CPU.Build.0 = Debug|Any CPU
		{8D3CDE07-E122-4691-9767-5F606D1A09BE}.Release|Any CPU.ActiveCfg = Release|Any CPU
		{8D3CDE07-E122-4691-9767-5F606D1A09BE}.Release|Any CPU.Build.0 = Release|Any CPU
	EndGlobalSection
	GlobalSection(SolutionProperties) = preSolution
		HideSolutionNode = FALSE
	EndGlobalSection
	GlobalSection(ExtensibilityGlobals) = postSolution
		SolutionGuid = {48A62084-6793-47CA-A334-EBC54DCD9292}
	EndGlobalSection
EndGlobal
